
Microsoft Visual Studio Solution File, Format Version 12.00
# Visual Studio Version 16
VisualStudioVersion = 16.0.30114.105
MinimumVisualStudioVersion = 10.0.40219.1
Project("{FAE04EC0-301F-11D3-BF4B-00C04F79EFBC}") = "GmailApi", "GmailApi\GmailApi.csproj", "{2E731947-1F74-401F-9CDE-E2376CE65BCD}"
EndProject
Global
	GlobalSection(SolutionConfigurationPlatforms) = preSolution
		Debug|Any CPU = Debug|Any CPU
		Release|Any CPU = Release|Any CPU
	EndGlobalSection
	GlobalSection(ProjectConfigurationPlatforms) = postSolution
		{2E731947-1F74-401F-9CDE-E2376CE65BCD}.Debug|Any CPU.ActiveCfg = Debug|Any CPU
		{2E731947-1F74-401F-9CDE-E2376CE65BCD}.Debug|Any CPU.Build.0 = Debug|Any CPU
		{2E731947-1F74-401F-9CDE-E2376CE65BCD}.Release|Any CPU.ActiveCfg = Release|Any CPU
		{2E731947-1F74-401F-9CDE-E2376CE65BCD}.Release|Any CPU.Build.0 = Release|Any CPU
	EndGlobalSection
	GlobalSection(SolutionProperties) = preSolution
		HideSolutionNode = FALSE
	EndGlobalSection
	GlobalSection(ExtensibilityGlobals) = postSolution
		SolutionGuid = {35605148-B7F7-4D0E-9494-8B647C0705F2}
	EndGlobalSection
EndGlobal
